
Microsoft Visual Studio Solution File, Format Version 12.00
# Visual Studio Version 16
VisualStudioVersion = 16.0.30711.63
MinimumVisualStudioVersion = 10.0.40219.1
Project("{FAE04EC0-301F-11D3-BF4B-00C04F79EFBC}") = "MyBD", "MyBD\MyBD.csproj", "{2007BCDE-FD44-4857-9D31-C7B6DE045E7A}"
EndProject
Global
	GlobalSection(SolutionConfigurationPlatforms) = preSolution
		Debug|Any CPU = Debug|Any CPU
		Release|Any CPU = Release|Any CPU
	EndGlobalSection
	GlobalSection(ProjectConfigurationPlatforms) = postSolution
		{2007BCDE-FD44-4857-9D31-C7B6DE045E7A}.Debug|Any CPU.ActiveCfg = Debug|Any CPU
		{2007BCDE-FD44-4857-9D31-C7B6DE045E7A}.Debug|Any CPU.Build.0 = Debug|Any CPU
		{2007BCDE-FD44-4857-9D31-C7B6DE045E7A}.Release|Any CPU.ActiveCfg = Release|Any CPU
		{2007BCDE-FD44-4857-9D31-C7B6DE045E7A}.Release|Any CPU.Build.0 = Release|Any CPU
	EndGlobalSection
	GlobalSection(SolutionProperties) = preSolution
		HideSolutionNode = FALSE
	EndGlobalSection
	GlobalSection(ExtensibilityGlobals) = postSolution
		SolutionGuid = {13F63506-6F21-4867-A7D3-349B3B4764BA}
	EndGlobalSection
EndGlobal
